
Microsoft Visual Studio Solution File, Format Version 12.00
# Visual Studio 15
Project("{FAE04EC0-301F-11D3-BF4B-00C04F79EFBC}") = "VirusScanner.MVC", "VirusScanner.MVC\VirusScanner.MVC.csproj", "{EDC24707-BB53-44E9-AF67-56DF77DA819B}"
EndProject
Project("{E53339B2-1760-4266-BCC7-CA923CBCF16C}") = "docker-compose", "docker-compose.dcproj", "{4196751A-4425-44EA-BF7C-14C9BDB8AEA6}"
EndProject
Global
	GlobalSection(SolutionConfigurationPlatforms) = preSolution
		Debug|Any CPU = Debug|Any CPU
		Release|Any CPU = Release|Any CPU
	EndGlobalSection
	GlobalSection(ProjectConfigurationPlatforms) = postSolution
		{EDC24707-BB53-44E9-AF67-56DF77DA819B}.Debug|Any CPU.ActiveCfg = Debug|Any CPU
		{EDC24707-BB53-44E9-AF67-56DF77DA819B}.Debug|Any CPU.Build.0 = Debug|Any CPU
		{EDC24707-BB53-44E9-AF67-56DF77DA819B}.Release|Any CPU.ActiveCfg = Release|Any CPU
		{EDC24707-BB53-44E9-AF67-56DF77DA819B}.Release|Any CPU.Build.0 = Release|Any CPU
		{4196751A-4425-44EA-BF7C-14C9BDB8AEA6}.Debug|Any CPU.ActiveCfg = Debug|Any CPU
		{4196751A-4425-44EA-BF7C-14C9BDB8AEA6}.Debug|Any CPU.Build.0 = Debug|Any CPU
		{4196751A-4425-44EA-BF7C-14C9BDB8AEA6}.Release|Any CPU.ActiveCfg = Release|Any CPU
		{4196751A-4425-44EA-BF7C-14C9BDB8AEA6}.Release|Any CPU.Build.0 = Release|Any CPU
	EndGlobalSection
EndGlobal
